
Microsoft Visual Studio Solution File, Format Version 11.00
# Visual Studio 2010
Project("{2150E333-8FDC-42A3-9474-1A3956D46DE8}") = "Solution Items", "Solution Items", "{8AE6833E-C2F9-4870-B4D3-2427A46794CE}"
	ProjectSection(SolutionItems) = preProject
		Chapter 7.vsmdi = Chapter 7.vsmdi
		Data Files\EmployeePay.xml = Data Files\EmployeePay.xml
	EndProjectSection
EndProject
Project("{FAE04EC0-301F-11D3-BF4B-00C04F79EFBC}") = "SSRS Viewer WBC", "SSRS Viewer WBC\SSRS Viewer WBC.csproj", "{10459333-A908-4DD1-AB0B-1E871A7C8CC8}"
EndProject
Project("{FAE04EC0-301F-11D3-BF4B-00C04F79EFBC}") = "SSRS Viewer RVC", "SSRS Viewer RVC\SSRS Viewer RVC.csproj", "{DEBD1169-2F92-4ECB-AA29-3E33F3F8C5FD}"
EndProject
Project("{F14B399A-7131-4C87-9E4B-1186C45EF12D}") = "Reports", "Reports\Reports.rptproj", "{AABB336E-442C-4463-B9B9-08A45BA98B29}"
EndProject
Project("{FAE04EC0-301F-11D3-BF4B-00C04F79EFBC}") = "SSRS_WebViewer", "SSRS_WebViewer\SSRS_WebViewer.csproj", "{0DFE9281-0902-45EC-9B0E-76A2459F094A}"
EndProject
Global
	GlobalSection(TestCaseManagementSettings) = postSolution
		CategoryFile = Chapter 7.vsmdi
	EndGlobalSection
	GlobalSection(SolutionConfigurationPlatforms) = preSolution
		Debug|Any CPU = Debug|Any CPU
		Debug|Mixed Platforms = Debug|Mixed Platforms
		Debug|x86 = Debug|x86
		DebugLocal|Any CPU = DebugLocal|Any CPU
		DebugLocal|Mixed Platforms = DebugLocal|Mixed Platforms
		DebugLocal|x86 = DebugLocal|x86
		Production|Any CPU = Production|Any CPU
		Production|Mixed Platforms = Production|Mixed Platforms
		Production|x86 = Production|x86
		Release|Any CPU = Release|Any CPU
		Release|Mixed Platforms = Release|Mixed Platforms
		Release|x86 = Release|x86
	EndGlobalSection
	GlobalSection(ProjectConfigurationPlatforms) = postSolution
		{10459333-A908-4DD1-AB0B-1E871A7C8CC8}.Debug|Any CPU.ActiveCfg = Debug|Any CPU
		{10459333-A908-4DD1-AB0B-1E871A7C8CC8}.Debug|Any CPU.Build.0 = Debug|Any CPU
		{10459333-A908-4DD1-AB0B-1E871A7C8CC8}.Debug|Mixed Platforms.ActiveCfg = Debug|Any CPU
		{10459333-A908-4DD1-AB0B-1E871A7C8CC8}.Debug|Mixed Platforms.Build.0 = Debug|Any CPU
		{10459333-A908-4DD1-AB0B-1E871A7C8CC8}.Debug|x86.ActiveCfg = Debug|Any CPU
		{10459333-A908-4DD1-AB0B-1E871A7C8CC8}.DebugLocal|Any CPU.ActiveCfg = Debug|Any CPU
		{10459333-A908-4DD1-AB0B-1E871A7C8CC8}.DebugLocal|Any CPU.Build.0 = Debug|Any CPU
		{10459333-A908-4DD1-AB0B-1E871A7C8CC8}.DebugLocal|Mixed Platforms.ActiveCfg = Debug|Any CPU
		{10459333-A908-4DD1-AB0B-1E871A7C8CC8}.DebugLocal|Mixed Platforms.Build.0 = Debug|Any CPU
		{10459333-A908-4DD1-AB0B-1E871A7C8CC8}.DebugLocal|x86.ActiveCfg = Debug|Any CPU
		{10459333-A908-4DD1-AB0B-1E871A7C8CC8}.Production|Any CPU.ActiveCfg = Release|Any CPU
		{10459333-A908-4DD1-AB0B-1E871A7C8CC8}.Production|Any CPU.Build.0 = Release|Any CPU
		{10459333-A908-4DD1-AB0B-1E871A7C8CC8}.Production|Mixed Platforms.ActiveCfg = Release|Any CPU
		{10459333-A908-4DD1-AB0B-1E871A7C8CC8}.Production|Mixed Platforms.Build.0 = Release|Any CPU
		{10459333-A908-4DD1-AB0B-1E871A7C8CC8}.Production|x86.ActiveCfg = Release|Any CPU
		{10459333-A908-4DD1-AB0B-1E871A7C8CC8}.Release|Any CPU.ActiveCfg = Release|Any CPU
		{10459333-A908-4DD1-AB0B-1E871A7C8CC8}.Release|Any CPU.Build.0 = Release|Any CPU
		{10459333-A908-4DD1-AB0B-1E871A7C8CC8}.Release|Mixed Platforms.ActiveCfg = Release|Any CPU
		{10459333-A908-4DD1-AB0B-1E871A7C8CC8}.Release|Mixed Platforms.Build.0 = Release|Any CPU
		{10459333-A908-4DD1-AB0B-1E871A7C8CC8}.Release|x86.ActiveCfg = Release|Any CPU
		{DEBD1169-2F92-4ECB-AA29-3E33F3F8C5FD}.Debug|Any CPU.ActiveCfg = Debug|Any CPU
		{DEBD1169-2F92-4ECB-AA29-3E33F3F8C5FD}.Debug|Any CPU.Build.0 = Debug|Any CPU
		{DEBD1169-2F92-4ECB-AA29-3E33F3F8C5FD}.Debug|Mixed Platforms.ActiveCfg = Debug|Any CPU
		{DEBD1169-2F92-4ECB-AA29-3E33F3F8C5FD}.Debug|Mixed Platforms.Build.0 = Debug|Any CPU
		{DEBD1169-2F92-4ECB-AA29-3E33F3F8C5FD}.Debug|x86.ActiveCfg = Debug|Any CPU
		{DEBD1169-2F92-4ECB-AA29-3E33F3F8C5FD}.DebugLocal|Any CPU.ActiveCfg = Debug|Any CPU
		{DEBD1169-2F92-4ECB-AA29-3E33F3F8C5FD}.DebugLocal|Any CPU.Build.0 = Debug|Any CPU
		{DEBD1169-2F92-4ECB-AA29-3E33F3F8C5FD}.DebugLocal|Mixed Platforms.ActiveCfg = Debug|Any CPU
		{DEBD1169-2F92-4ECB-AA29-3E33F3F8C5FD}.DebugLocal|Mixed Platforms.Build.0 = Debug|Any CPU
		{DEBD1169-2F92-4ECB-AA29-3E33F3F8C5FD}.DebugLocal|x86.ActiveCfg = Debug|Any CPU
		{DEBD1169-2F92-4ECB-AA29-3E33F3F8C5FD}.Production|Any CPU.ActiveCfg = Release|Any CPU
		{DEBD1169-2F92-4ECB-AA29-3E33F3F8C5FD}.Production|Any CPU.Build.0 = Release|Any CPU
		{DEBD1169-2F92-4ECB-AA29-3E33F3F8C5FD}.Production|Mixed Platforms.ActiveCfg = Release|Any CPU
		{DEBD1169-2F92-4ECB-AA29-3E33F3F8C5FD}.Production|Mixed Platforms.Build.0 = Release|Any CPU
		{DEBD1169-2F92-4ECB-AA29-3E33F3F8C5FD}.Production|x86.ActiveCfg = Release|Any CPU
		{DEBD1169-2F92-4ECB-AA29-3E33F3F8C5FD}.Release|Any CPU.ActiveCfg = Release|Any CPU
		{DEBD1169-2F92-4ECB-AA29-3E33F3F8C5FD}.Release|Any CPU.Build.0 = Release|Any CPU
		{DEBD1169-2F92-4ECB-AA29-3E33F3F8C5FD}.Release|Mixed Platforms.ActiveCfg = Release|Any CPU
		{DEBD1169-2F92-4ECB-AA29-3E33F3F8C5FD}.Release|Mixed Platforms.Build.0 = Release|Any CPU
		{DEBD1169-2F92-4ECB-AA29-3E33F3F8C5FD}.Release|x86.ActiveCfg = Release|Any CPU
		{AABB336E-442C-4463-B9B9-08A45BA98B29}.Debug|Any CPU.ActiveCfg = DebugLocal
		{AABB336E-442C-4463-B9B9-08A45BA98B29}.Debug|Any CPU.Build.0 = DebugLocal
		{AABB336E-442C-4463-B9B9-08A45BA98B29}.Debug|Any CPU.Deploy.0 = DebugLocal
		{AABB336E-442C-4463-B9B9-08A45BA98B29}.Debug|Mixed Platforms.ActiveCfg = DebugLocal
		{AABB336E-442C-4463-B9B9-08A45BA98B29}.Debug|Mixed Platforms.Build.0 = DebugLocal
		{AABB336E-442C-4463-B9B9-08A45BA98B29}.Debug|Mixed Platforms.Deploy.0 = DebugLocal
		{AABB336E-442C-4463-B9B9-08A45BA98B29}.Debug|x86.ActiveCfg = DebugLocal
		{AABB336E-442C-4463-B9B9-08A45BA98B29}.Debug|x86.Build.0 = DebugLocal
		{AABB336E-442C-4463-B9B9-08A45BA98B29}.Debug|x86.Deploy.0 = DebugLocal
		{AABB336E-442C-4463-B9B9-08A45BA98B29}.DebugLocal|Any CPU.ActiveCfg = DebugLocal
		{AABB336E-442C-4463-B9B9-08A45BA98B29}.DebugLocal|Any CPU.Build.0 = DebugLocal
		{AABB336E-442C-4463-B9B9-08A45BA98B29}.DebugLocal|Any CPU.Deploy.0 = DebugLocal
		{AABB336E-442C-4463-B9B9-08A45BA98B29}.DebugLocal|Mixed Platforms.ActiveCfg = DebugLocal
		{AABB336E-442C-4463-B9B9-08A45BA98B29}.DebugLocal|Mixed Platforms.Build.0 = DebugLocal
		{AABB336E-442C-4463-B9B9-08A45BA98B29}.DebugLocal|Mixed Platforms.Deploy.0 = DebugLocal
		{AABB336E-442C-4463-B9B9-08A45BA98B29}.DebugLocal|x86.ActiveCfg = DebugLocal
		{AABB336E-442C-4463-B9B9-08A45BA98B29}.DebugLocal|x86.Build.0 = DebugLocal
		{AABB336E-442C-4463-B9B9-08A45BA98B29}.DebugLocal|x86.Deploy.0 = DebugLocal
		{AABB336E-442C-4463-B9B9-08A45BA98B29}.Production|Any CPU.ActiveCfg = Production
		{AABB336E-442C-4463-B9B9-08A45BA98B29}.Production|Any CPU.Build.0 = Production
		{AABB336E-442C-4463-B9B9-08A45BA98B29}.Production|Any CPU.Deploy.0 = Production
		{AABB336E-442C-4463-B9B9-08A45BA98B29}.Production|Mixed Platforms.ActiveCfg = Production
		{AABB336E-442C-4463-B9B9-08A45BA98B29}.Production|Mixed Platforms.Build.0 = Production
		{AABB336E-442C-4463-B9B9-08A45BA98B29}.Production|Mixed Platforms.Deploy.0 = Production
		{AABB336E-442C-4463-B9B9-08A45BA98B29}.Production|x86.ActiveCfg = Production
		{AABB336E-442C-4463-B9B9-08A45BA98B29}.Production|x86.Build.0 = Production
		{AABB336E-442C-4463-B9B9-08A45BA98B29}.Production|x86.Deploy.0 = Production
		{AABB336E-442C-4463-B9B9-08A45BA98B29}.Release|Any CPU.ActiveCfg = Production
		{AABB336E-442C-4463-B9B9-08A45BA98B29}.Release|Any CPU.Build.0 = Production
		{AABB336E-442C-4463-B9B9-08A45BA98B29}.Release|Any CPU.Deploy.0 = Production
		{AABB336E-442C-4463-B9B9-08A45BA98B29}.Release|Mixed Platforms.ActiveCfg = Production
		{AABB336E-442C-4463-B9B9-08A45BA98B29}.Release|Mixed Platforms.Build.0 = Production
		{AABB336E-442C-4463-B9B9-08A45BA98B29}.Release|Mixed Platforms.Deploy.0 = Production
		{AABB336E-442C-4463-B9B9-08A45BA98B29}.Release|x86.ActiveCfg = Production
		{AABB336E-442C-4463-B9B9-08A45BA98B29}.Release|x86.Build.0 = Production
		{AABB336E-442C-4463-B9B9-08A45BA98B29}.Release|x86.Deploy.0 = Production
		{0DFE9281-0902-45EC-9B0E-76A2459F094A}.Debug|Any CPU.ActiveCfg = Debug|Any CPU
		{0DFE9281-0902-45EC-9B0E-76A2459F094A}.Debug|Any CPU.Build.0 = Debug|Any CPU
		{0DFE9281-0902-45EC-9B0E-76A2459F094A}.Debug|Mixed Platforms.ActiveCfg = Debug|Any CPU
		{0DFE9281-0902-45EC-9B0E-76A2459F094A}.Debug|Mixed Platforms.Build.0 = Debug|Any CPU
		{0DFE9281-0902-45EC-9B0E-76A2459F094A}.Debug|x86.ActiveCfg = Debug|Any CPU
		{0DFE9281-0902-45EC-9B0E-76A2459F094A}.DebugLocal|Any CPU.ActiveCfg = Debug|Any CPU
		{0DFE9281-0902-45EC-9B0E-76A2459F094A}.DebugLocal|Any CPU.Build.0 = Debug|Any CPU
		{0DFE9281-0902-45EC-9B0E-76A2459F094A}.DebugLocal|Mixed Platforms.ActiveCfg = Debug|Any CPU
		{0DFE9281-0902-45EC-9B0E-76A2459F094A}.DebugLocal|Mixed Platforms.Build.0 = Debug|Any CPU
		{0DFE9281-0902-45EC-9B0E-76A2459F094A}.DebugLocal|x86.ActiveCfg = Debug|Any CPU
		{0DFE9281-0902-45EC-9B0E-76A2459F094A}.Production|Any CPU.ActiveCfg = Release|Any CPU
		{0DFE9281-0902-45EC-9B0E-76A2459F094A}.Production|Any CPU.Build.0 = Release|Any CPU
		{0DFE9281-0902-45EC-9B0E-76A2459F094A}.Production|Mixed Platforms.ActiveCfg = Release|Any CPU
		{0DFE9281-0902-45EC-9B0E-76A2459F094A}.Production|Mixed Platforms.Build.0 = Release|Any CPU
		{0DFE9281-0902-45EC-9B0E-76A2459F094A}.Production|x86.ActiveCfg = Release|Any CPU
		{0DFE9281-0902-45EC-9B0E-76A2459F094A}.Release|Any CPU.ActiveCfg = Release|Any CPU
		{0DFE9281-0902-45EC-9B0E-76A2459F094A}.Release|Any CPU.Build.0 = Release|Any CPU
		{0DFE9281-0902-45EC-9B0E-76A2459F094A}.Release|Mixed Platforms.ActiveCfg = Release|Any CPU
		{0DFE9281-0902-45EC-9B0E-76A2459F094A}.Release|Mixed Platforms.Build.0 = Release|Any CPU
		{0DFE9281-0902-45EC-9B0E-76A2459F094A}.Release|x86.ActiveCfg = Release|Any CPU
	EndGlobalSection
	GlobalSection(SolutionProperties) = preSolution
		HideSolutionNode = FALSE
	EndGlobalSection
EndGlobal
